
Microsoft Visual Studio Solution File, Format Version 12.00
# Visual Studio 15
VisualStudioVersion = 15.0.28307.168
MinimumVisualStudioVersion = 10.0.40219.1
Project("{FAE04EC0-301F-11D3-BF4B-00C04F79EFBC}") = "ConsoleApp2", "ConsoleApp2\ConsoleApp2.csproj", "{D3C63FC7-7C6A-4687-A677-94DB7957FD8E}"
EndProject
Global
	GlobalSection(SolutionConfigurationPlatforms) = preSolution
		Debug|Any CPU = Debug|Any CPU
		Release|Any CPU = Release|Any CPU
	EndGlobalSection
	GlobalSection(ProjectConfigurationPlatforms) = postSolution
		{D3C63FC7-7C6A-4687-A677-94DB7957FD8E}.Debug|Any CPU.ActiveCfg = Debug|Any CPU
		{D3C63FC7-7C6A-4687-A677-94DB7957FD8E}.Debug|Any CPU.Build.0 = Debug|Any CPU
		{D3C63FC7-7C6A-4687-A677-94DB7957FD8E}.Release|Any CPU.ActiveCfg = Release|Any CPU
		{D3C63FC7-7C6A-4687-A677-94DB7957FD8E}.Release|Any CPU.Build.0 = Release|Any CPU
	EndGlobalSection
	GlobalSection(SolutionProperties) = preSolution
		HideSolutionNode = FALSE
	EndGlobalSection
	GlobalSection(ExtensibilityGlobals) = postSolution
		SolutionGuid = {A19A46AC-0DA7-4532-B26D-E372FD17E192}
	EndGlobalSection
EndGlobal
